
Microsoft Visual Studio Solution File, Format Version 12.00
# Visual Studio Version 17
VisualStudioVersion = 17.3.32811.315
MinimumVisualStudioVersion = 10.0.40219.1
Project("{FAE04EC0-301F-11D3-BF4B-00C04F79EFBC}") = "prjOefn13", "prjOefn13\prjOefn13.csproj", "{24E862F5-E770-4ECA-86C2-042B786A2CAA}"
EndProject
Global
	GlobalSection(SolutionConfigurationPlatforms) = preSolution
		Debug|Any CPU = Debug|Any CPU
		Release|Any CPU = Release|Any CPU
	EndGlobalSection
	GlobalSection(ProjectConfigurationPlatforms) = postSolution
		{24E862F5-E770-4ECA-86C2-042B786A2CAA}.Debug|Any CPU.ActiveCfg = Debug|Any CPU
		{24E862F5-E770-4ECA-86C2-042B786A2CAA}.Debug|Any CPU.Build.0 = Debug|Any CPU
		{24E862F5-E770-4ECA-86C2-042B786A2CAA}.Release|Any CPU.ActiveCfg = Release|Any CPU
		{24E862F5-E770-4ECA-86C2-042B786A2CAA}.Release|Any CPU.Build.0 = Release|Any CPU
	EndGlobalSection
	GlobalSection(SolutionProperties) = preSolution
		HideSolutionNode = FALSE
	EndGlobalSection
	GlobalSection(ExtensibilityGlobals) = postSolution
		SolutionGuid = {F14BD70B-892F-42DA-B6F4-6994F57F2913}
	EndGlobalSection
EndGlobal
